
Microsoft Visual Studio Solution File, Format Version 12.00
# Visual Studio Version 16
VisualStudioVersion = 16.0.30611.23
MinimumVisualStudioVersion = 10.0.40219.1
Project("{FAE04EC0-301F-11D3-BF4B-00C04F79EFBC}") = "DemoGitProblem", "DemoGitProblem\DemoGitProblem.csproj", "{523E936D-0453-4BF5-B655-5ED348D45ECA}"
EndProject
Global
	GlobalSection(SolutionConfigurationPlatforms) = preSolution
		Debug|Any CPU = Debug|Any CPU
		Release|Any CPU = Release|Any CPU
	EndGlobalSection
	GlobalSection(ProjectConfigurationPlatforms) = postSolution
		{523E936D-0453-4BF5-B655-5ED348D45ECA}.Debug|Any CPU.ActiveCfg = Debug|Any CPU
		{523E936D-0453-4BF5-B655-5ED348D45ECA}.Debug|Any CPU.Build.0 = Debug|Any CPU
		{523E936D-0453-4BF5-B655-5ED348D45ECA}.Release|Any CPU.ActiveCfg = Release|Any CPU
		{523E936D-0453-4BF5-B655-5ED348D45ECA}.Release|Any CPU.Build.0 = Release|Any CPU
	EndGlobalSection
	GlobalSection(SolutionProperties) = preSolution
		HideSolutionNode = FALSE
	EndGlobalSection
	GlobalSection(ExtensibilityGlobals) = postSolution
		SolutionGuid = {7F5CCDE6-AE49-4037-BDCB-21B8007B6880}
	EndGlobalSection
EndGlobal
